
Microsoft Visual Studio Solution File, Format Version 12.00
# Visual Studio Version 17
VisualStudioVersion = 17.0.32112.339
MinimumVisualStudioVersion = 10.0.40219.1
Project("{9A19103F-16F7-4668-BE54-9A1E7A4F7556}") = "Evernote", "..\..\src\Evernote\Evernote.csproj", "{7E5E1654-DAD4-4E03-82FC-8CA33DB1EBE5}"
EndProject
Project("{FAE04EC0-301F-11D3-BF4B-00C04F79EFBC}") = "SampleApp", "SampleApp\SampleApp.csproj", "{6E91B8E1-BB5E-4EB5-87EA-88BBD7437FBC}"
EndProject
Global
	GlobalSection(SolutionConfigurationPlatforms) = preSolution
		Debug|Any CPU = Debug|Any CPU
		Debug|Mixed Platforms = Debug|Mixed Platforms
		Debug|x86 = Debug|x86
		Release|Any CPU = Release|Any CPU
		Release|Mixed Platforms = Release|Mixed Platforms
		Release|x86 = Release|x86
	EndGlobalSection
	GlobalSection(ProjectConfigurationPlatforms) = postSolution
		{7E5E1654-DAD4-4E03-82FC-8CA33DB1EBE5}.Debug|Any CPU.ActiveCfg = Debug|Any CPU
		{7E5E1654-DAD4-4E03-82FC-8CA33DB1EBE5}.Debug|Any CPU.Build.0 = Debug|Any CPU
		{7E5E1654-DAD4-4E03-82FC-8CA33DB1EBE5}.Debug|Mixed Platforms.ActiveCfg = Debug|Any CPU
		{7E5E1654-DAD4-4E03-82FC-8CA33DB1EBE5}.Debug|Mixed Platforms.Build.0 = Debug|Any CPU
		{7E5E1654-DAD4-4E03-82FC-8CA33DB1EBE5}.Debug|x86.ActiveCfg = Debug|Any CPU
		{7E5E1654-DAD4-4E03-82FC-8CA33DB1EBE5}.Release|Any CPU.ActiveCfg = Release|Any CPU
		{7E5E1654-DAD4-4E03-82FC-8CA33DB1EBE5}.Release|Any CPU.Build.0 = Release|Any CPU
		{7E5E1654-DAD4-4E03-82FC-8CA33DB1EBE5}.Release|Mixed Platforms.ActiveCfg = Release|Any CPU
		{7E5E1654-DAD4-4E03-82FC-8CA33DB1EBE5}.Release|Mixed Platforms.Build.0 = Release|Any CPU
		{7E5E1654-DAD4-4E03-82FC-8CA33DB1EBE5}.Release|x86.ActiveCfg = Release|Any CPU
		{6E91B8E1-BB5E-4EB5-87EA-88BBD7437FBC}.Debug|Any CPU.ActiveCfg = Debug|Any CPU
		{6E91B8E1-BB5E-4EB5-87EA-88BBD7437FBC}.Debug|Any CPU.Build.0 = Debug|Any CPU
		{6E91B8E1-BB5E-4EB5-87EA-88BBD7437FBC}.Debug|Mixed Platforms.ActiveCfg = Debug|Any CPU
		{6E91B8E1-BB5E-4EB5-87EA-88BBD7437FBC}.Debug|Mixed Platforms.Build.0 = Debug|Any CPU
		{6E91B8E1-BB5E-4EB5-87EA-88BBD7437FBC}.Debug|x86.ActiveCfg = Debug|Any CPU
		{6E91B8E1-BB5E-4EB5-87EA-88BBD7437FBC}.Debug|x86.Build.0 = Debug|Any CPU
		{6E91B8E1-BB5E-4EB5-87EA-88BBD7437FBC}.Release|Any CPU.ActiveCfg = Release|Any CPU
		{6E91B8E1-BB5E-4EB5-87EA-88BBD7437FBC}.Release|Any CPU.Build.0 = Release|Any CPU
		{6E91B8E1-BB5E-4EB5-87EA-88BBD7437FBC}.Release|Mixed Platforms.ActiveCfg = Release|Any CPU
		{6E91B8E1-BB5E-4EB5-87EA-88BBD7437FBC}.Release|Mixed Platforms.Build.0 = Release|Any CPU
		{6E91B8E1-BB5E-4EB5-87EA-88BBD7437FBC}.Release|x86.ActiveCfg = Release|Any CPU
		{6E91B8E1-BB5E-4EB5-87EA-88BBD7437FBC}.Release|x86.Build.0 = Release|Any CPU
	EndGlobalSection
	GlobalSection(SolutionProperties) = preSolution
		HideSolutionNode = FALSE
	EndGlobalSection
	GlobalSection(ExtensibilityGlobals) = postSolution
		SolutionGuid = {FE970484-2F1F-4CC1-A7A5-396CD6FB061D}
	EndGlobalSection
EndGlobal
